PODS:
  - Alamofire (4.9.0)
  - SWXMLHash (5.0.1)

DEPENDENCIES:
  - Alamofire
  - SWXMLHash

SPEC REPOS:
  trunk:
    - Alamofire
    - SWXMLHash

SPEC CHECKSUMS:
  Alamofire: afc3e7c6db61476cb45cdd23fed06bad03bbc321
  SWXMLHash: 9cc0c2e4807926c74377724aa8722ee5707a0485

PODFILE CHECKSUM: fd4e3f292fd270c9041ce641ff5d265fd7f3d983

COCOAPODS: 1.8.3
