// !$*UTF8*$!
{
	archiveVersion = 1;
	classes = {
	};
	objectVersion = 51;
	objects = {

/* Begin PBXBuildFile section */
		221C465524D43A8600D63B71 /* SessionModel.swift in Sources */ = {isa = PBXBuildFile; fileRef = 221C465424D43A8600D63B71 /* SessionModel.swift */; };
		221C465724D43B0600D63B71 /* SessionProcessor.swift in Sources */ = {isa = PBXBuildFile; fileRef = 221C465624D43B0600D63B71 /* SessionProcessor.swift */; };
		221C465924D43C8200D63B71 /* Constants.swift in Sources */ = {isa = PBXBuildFile; fileRef = 221C465824D43C8200D63B71 /* Constants.swift */; };
		224D3CF324D590C700D64829 /* FlightDataModel.swift in Sources */ = {isa = PBXBuildFile; fileRef = 224D3CF224D590C700D64829 /* FlightDataModel.swift */; };
		224D3CF524D5949F00D64829 /* FlightsDataProcessor.swift in Sources */ = {isa = PBXBuildFile; fileRef = 224D3CF424D5949F00D64829 /* FlightsDataProcessor.swift */; };
		224D3CF724D59E0900D64829 /* DataGotProtocol.swift in Sources */ = {isa = PBXBuildFile; fileRef = 224D3CF624D59E0900D64829 /* DataGotProtocol.swift */; };
		22692AAB24D1F1C800DD3B7F /* AppDelegate.swift in Sources */ = {isa = PBXBuildFile; fileRef = 22692AAA24D1F1C800DD3B7F /* AppDelegate.swift */; };
		22692AAD24D1F1C800DD3B7F /* SceneDelegate.swift in Sources */ = {isa = PBXBuildFile; fileRef = 22692AAC24D1F1C800DD3B7F /* SceneDelegate.swift */; };
		22692AAF24D1F1C800DD3B7F /* ViewController.swift in Sources */ = {isa = PBXBuildFile; fileRef = 22692AAE24D1F1C800DD3B7F /* ViewController.swift */; };
		22692AB224D1F1C800DD3B7F /* Main.storyboard in Resources */ = {isa = PBXBuildFile; fileRef = 22692AB024D1F1C800DD3B7F /* Main.storyboard */; };
		22692AB424D1F1CA00DD3B7F /* Assets.xcassets in Resources */ = {isa = PBXBuildFile; fileRef = 22692AB324D1F1CA00DD3B7F /* Assets.xcassets */; };
		22692AB724D1F1CA00DD3B7F /* LaunchScreen.storyboard in Resources */ = {isa = PBXBuildFile; fileRef = 22692AB524D1F1CA00DD3B7F /* LaunchScreen.storyboard */; };
		895CD01FC001DC2FFFC20B2A /* Pods_BiletixTest.framework in Frameworks */ = {isa = PBXBuildFile; fileRef = 4C84D06EF57D4F3F3D3745F4 /* Pods_BiletixTest.framework */; };
/* End PBXBuildFile section */

/* Begin PBXFileReference section */
		221C465424D43A8600D63B71 /* SessionModel.swift */ = {isa = PBXFileReference; lastKnownFileType = sourcecode.swift; path = SessionModel.swift; sourceTree = "<group>"; };
		221C465624D43B0600D63B71 /* SessionProcessor.swift */ = {isa = PBXFileReference; lastKnownFileType = sourcecode.swift; path = SessionProcessor.swift; sourceTree = "<group>"; };
		221C465824D43C8200D63B71 /* Constants.swift */ = {isa = PBXFileReference; lastKnownFileType = sourcecode.swift; path = Constants.swift; sourceTree = "<group>"; };
		224D3CF224D590C700D64829 /* FlightDataModel.swift */ = {isa = PBXFileReference; lastKnownFileType = sourcecode.swift; path = FlightDataModel.swift; sourceTree = "<group>"; };
		224D3CF424D5949F00D64829 /* FlightsDataProcessor.swift */ = {isa = PBXFileReference; lastKnownFileType = sourcecode.swift; path = FlightsDataProcessor.swift; sourceTree = "<group>"; };
		224D3CF624D59E0900D64829 /* DataGotProtocol.swift */ = {isa = PBXFileReference; lastKnownFileType = sourcecode.swift; path = DataGotProtocol.swift; sourceTree = "<group>"; };
		22692AA724D1F1C800DD3B7F /* BiletixTest.app */ = {isa = PBXFileReference; explicitFileType = wrapper.application; includeInIndex = 0; path = BiletixTest.app; sourceTree = BUILT_PRODUCTS_DIR; };
		22692AAA24D1F1C800DD3B7F /* AppDelegate.swift */ = {isa = PBXFileReference; lastKnownFileType = sourcecode.swift; path = AppDelegate.swift; sourceTree = "<group>"; };
		22692AAC24D1F1C800DD3B7F /* SceneDelegate.swift */ = {isa = PBXFileReference; lastKnownFileType = sourcecode.swift; path = SceneDelegate.swift; sourceTree = "<group>"; };
		22692AAE24D1F1C800DD3B7F /* ViewController.swift */ = {isa = PBXFileReference; lastKnownFileType = sourcecode.swift; path = ViewController.swift; sourceTree = "<group>"; };
		22692AB124D1F1C800DD3B7F /* Base */ = {isa = PBXFileReference; lastKnownFileType = file.storyboard; name = Base; path = Base.lproj/Main.storyboard; sourceTree = "<group>"; };
		22692AB324D1F1CA00DD3B7F /* Assets.xcassets */ = {isa = PBXFileReference; lastKnownFileType = folder.assetcatalog; path = Assets.xcassets; sourceTree = "<group>"; };
		22692AB624D1F1CA00DD3B7F /* Base */ = {isa = PBXFileReference; lastKnownFileType = file.storyboard; name = Base; path = Base.lproj/LaunchScreen.storyboard; sourceTree = "<group>"; };
		22692AB824D1F1CA00DD3B7F /* Info.plist */ = {isa = PBXFileReference; lastKnownFileType = text.plist.xml; path = Info.plist; sourceTree = "<group>"; };
		4C84D06EF57D4F3F3D3745F4 /* Pods_BiletixTest.framework */ = {isa = PBXFileReference; explicitFileType = wrapper.framework; includeInIndex = 0; path = Pods_BiletixTest.framework; sourceTree = BUILT_PRODUCTS_DIR; };
		8F6544739D905752AB6E5FEF /* Pods-BiletixTest.debug.xcconfig */ = {isa = PBXFileReference; includeInIndex = 1; lastKnownFileType = text.xcconfig; name = "Pods-BiletixTest.debug.xcconfig"; path = "Target Support Files/Pods-BiletixTest/Pods-BiletixTest.debug.xcconfig"; sourceTree = "<group>"; };
		BF399E65791A4880CB6C081D /* Pods-BiletixTest.release.xcconfig */ = {isa = PBXFileReference; includeInIndex = 1; lastKnownFileType = text.xcconfig; name = "Pods-BiletixTest.release.xcconfig"; path = "Target Support Files/Pods-BiletixTest/Pods-BiletixTest.release.xcconfig"; sourceTree = "<group>"; };
/* End PBXFileReference section */

/* Begin PBXFrameworksBuildPhase section */
		22692AA424D1F1C800DD3B7F /* Frameworks */ = {
			isa = PBXFrameworksBuildPhase;
			buildActionMask = 2147483647;
			files = (
				895CD01FC001DC2FFFC20B2A /* Pods_BiletixTest.framework in Frameworks */,
			);
			runOnlyForDeploymentPostprocessing = 0;
		};
/* End PBXFrameworksBuildPhase section */

/* Begin PBXGroup section */
		1867F83717A73EE4BC8C05AF /* Frameworks */ = {
			isa = PBXGroup;
			children = (
				4C84D06EF57D4F3F3D3745F4 /* Pods_BiletixTest.framework */,
			);
			name = Frameworks;
			sourceTree = "<group>";
		};
		221C465324D43A6100D63B71 /* Session */ = {
			isa = PBXGroup;
			children = (
				221C465424D43A8600D63B71 /* SessionModel.swift */,
				221C465624D43B0600D63B71 /* SessionProcessor.swift */,
			);
			path = Session;
			sourceTree = "<group>";
		};
		224D3CF124D5905100D64829 /* FlightData */ = {
			isa = PBXGroup;
			children = (
				224D3CF224D590C700D64829 /* FlightDataModel.swift */,
				224D3CF424D5949F00D64829 /* FlightsDataProcessor.swift */,
			);
			path = FlightData;
			sourceTree = "<group>";
		};
		22692A9E24D1F1C800DD3B7F = {
			isa = PBXGroup;
			children = (
				22692AA924D1F1C800DD3B7F /* BiletixTest */,
				22692AA824D1F1C800DD3B7F /* Products */,
				D533F2B0E8CA4677B7EB4FA9 /* Pods */,
				1867F83717A73EE4BC8C05AF /* Frameworks */,
			);
			sourceTree = "<group>";
		};
		22692AA824D1F1C800DD3B7F /* Products */ = {
			isa = PBXGroup;
			children = (
				22692AA724D1F1C800DD3B7F /* BiletixTest.app */,
			);
			name = Products;
			sourceTree = "<group>";
		};
		22692AA924D1F1C800DD3B7F /* BiletixTest */ = {
			isa = PBXGroup;
			children = (
				224D3CF124D5905100D64829 /* FlightData */,
				221C465324D43A6100D63B71 /* Session */,
				22692AAA24D1F1C800DD3B7F /* AppDelegate.swift */,
				22692AAC24D1F1C800DD3B7F /* SceneDelegate.swift */,
				22692AAE24D1F1C800DD3B7F /* ViewController.swift */,
				22692AB024D1F1C800DD3B7F /* Main.storyboard */,
				22692AB324D1F1CA00DD3B7F /* Assets.xcassets */,
				22692AB524D1F1CA00DD3B7F /* LaunchScreen.storyboard */,
				22692AB824D1F1CA00DD3B7F /* Info.plist */,
				221C465824D43C8200D63B71 /* Constants.swift */,
				224D3CF624D59E0900D64829 /* DataGotProtocol.swift */,
			);
			path = BiletixTest;
			sourceTree = "<group>";
		};
		D533F2B0E8CA4677B7EB4FA9 /* Pods */ = {
			isa = PBXGroup;
			children = (
				8F6544739D905752AB6E5FEF /* Pods-BiletixTest.debug.xcconfig */,
				BF399E65791A4880CB6C081D /* Pods-BiletixTest.release.xcconfig */,
			);
			path = Pods;
			sourceTree = "<group>";
		};
/* End PBXGroup section */

/* Begin PBXNativeTarget section */
		22692AA624D1F1C800DD3B7F /* BiletixTest */ = {
			isa = PBXNativeTarget;
			buildConfigurationList = 22692ABB24D1F1CA00DD3B7F /* Build configuration list for PBXNativeTarget "BiletixTest" */;
			buildPhases = (
				17E3C7839E87A7578441531D /* [CP] Check Pods Manifest.lock */,
				22692AA324D1F1C800DD3B7F /* Sources */,
				22692AA424D1F1C800DD3B7F /* Frameworks */,
				22692AA524D1F1C800DD3B7F /* Resources */,
				2D7E4C645DBAC5BDB9E0D9C2 /* [CP] Embed Pods Frameworks */,
			);
			buildRules = (
			);
			dependencies = (
			);
			name = BiletixTest;
			productName = BiletixTest;
			productReference = 22692AA724D1F1C800DD3B7F /* BiletixTest.app */;
			productType = "com.apple.product-type.application";
		};
/* End PBXNativeTarget section */

/* Begin PBXProject section */
		22692A9F24D1F1C800DD3B7F /* Project object */ = {
			isa = PBXProject;
			attributes = {
				LastSwiftUpdateCheck = 1150;
				LastUpgradeCheck = 1150;
				ORGANIZATIONNAME = "Иван Жилин";
				TargetAttributes = {
					22692AA624D1F1C800DD3B7F = {
						CreatedOnToolsVersion = 11.5;
					};
				};
			};
			buildConfigurationList = 22692AA224D1F1C800DD3B7F /* Build configuration list for PBXProject "BiletixTest" */;
			compatibilityVersion = "Xcode 9.3";
			developmentRegion = en;
			hasScannedForEncodings = 0;
			knownRegions = (
				en,
				Base,
			);
			mainGroup = 22692A9E24D1F1C800DD3B7F;
			productRefGroup = 22692AA824D1F1C800DD3B7F /* Products */;
			projectDirPath = "";
			projectRoot = "";
			targets = (
				22692AA624D1F1C800DD3B7F /* BiletixTest */,
			);
		};
/* End PBXProject section */

/* Begin PBXResourcesBuildPhase section */
		22692AA524D1F1C800DD3B7F /* Resources */ = {
			isa = PBXResourcesBuildPhase;
			buildActionMask = 2147483647;
			files = (
				22692AB724D1F1CA00DD3B7F /* LaunchScreen.storyboard in Resources */,
				22692AB424D1F1CA00DD3B7F /* Assets.xcassets in Resources */,
				22692AB224D1F1C800DD3B7F /* Main.storyboard in Resources */,
			);
			runOnlyForDeploymentPostprocessing = 0;
		};
/* End PBXResourcesBuildPhase section */

/* Begin PBXShellScriptBuildPhase section */
		17E3C7839E87A7578441531D /* [CP] Check Pods Manifest.lock */ = {
			isa = PBXShellScriptBuildPhase;
			buildActionMask = 2147483647;
			files = (
			);
			inputFileListPaths = (
			);
			inputPaths = (
				"${PODS_PODFILE_DIR_PATH}/Podfile.lock",
				"${PODS_ROOT}/Manifest.lock",
			);
			name = "[CP] Check Pods Manifest.lock";
			outputFileListPaths = (
			);
			outputPaths = (
				"$(DERIVED_FILE_DIR)/Pods-BiletixTest-checkManifestLockResult.txt",
			);
			runOnlyForDeploymentPostprocessing = 0;
			shellPath = /bin/sh;
			shellScript = "diff \"${PODS_PODFILE_DIR_PATH}/Podfile.lock\" \"${PODS_ROOT}/Manifest.lock\" > /dev/null\nif [ $? != 0 ] ; then\n    # print error to STDERR\n    echo \"error: The sandbox is not in sync with the Podfile.lock. Run 'pod install' or update your CocoaPods installation.\" >&2\n    exit 1\nfi\n# This output is used by Xcode 'outputs' to avoid re-running this script phase.\necho \"SUCCESS\" > \"${SCRIPT_OUTPUT_FILE_0}\"\n";
			showEnvVarsInLog = 0;
		};
		2D7E4C645DBAC5BDB9E0D9C2 /* [CP] Embed Pods Frameworks */ = {
			isa = PBXShellScriptBuildPhase;
			buildActionMask = 2147483647;
			files = (
			);
			inputFileListPaths = (
				"${PODS_ROOT}/Target Support Files/Pods-BiletixTest/Pods-BiletixTest-frameworks-${CONFIGURATION}-input-files.xcfilelist",
			);
			name = "[CP] Embed Pods Frameworks";
			outputFileListPaths = (
				"${PODS_ROOT}/Target Support Files/Pods-BiletixTest/Pods-BiletixTest-frameworks-${CONFIGURATION}-output-files.xcfilelist",
			);
			runOnlyForDeploymentPostprocessing = 0;
			shellPath = /bin/sh;
			shellScript = "\"${PODS_ROOT}/Target Support Files/Pods-BiletixTest/Pods-BiletixTest-frameworks.sh\"\n";
			showEnvVarsInLog = 0;
		};
/* End PBXShellScriptBuildPhase section */

/* Begin PBXSourcesBuildPhase section */
		22692AA324D1F1C800DD3B7F /* Sources */ = {
			isa = PBXSourcesBuildPhase;
			buildActionMask = 2147483647;
			files = (
				224D3CF324D590C700D64829 /* FlightDataModel.swift in Sources */,
				22692AAF24D1F1C800DD3B7F /* ViewController.swift in Sources */,
				22692AAB24D1F1C800DD3B7F /* AppDelegate.swift in Sources */,
				221C465724D43B0600D63B71 /* SessionProcessor.swift in Sources */,
				224D3CF524D5949F00D64829 /* FlightsDataProcessor.swift in Sources */,
				224D3CF724D59E0900D64829 /* DataGotProtocol.swift in Sources */,
				221C465524D43A8600D63B71 /* SessionModel.swift in Sources */,
				22692AAD24D1F1C800DD3B7F /* SceneDelegate.swift in Sources */,
				221C465924D43C8200D63B71 /* Constants.swift in Sources */,
			);
			runOnlyForDeploymentPostprocessing = 0;
		};
/* End PBXSourcesBuildPhase section */

/* Begin PBXVariantGroup section */
		22692AB024D1F1C800DD3B7F /* Main.storyboard */ = {
			isa = PBXVariantGroup;
			children = (
				22692AB124D1F1C800DD3B7F /* Base */,
			);
			name = Main.storyboard;
			sourceTree = "<group>";
		};
		22692AB524D1F1CA00DD3B7F /* LaunchScreen.storyboard */ = {
			isa = PBXVariantGroup;
			children = (
				22692AB624D1F1CA00DD3B7F /* Base */,
			);
			name = LaunchScreen.storyboard;
			sourceTree = "<group>";
		};
/* End PBXVariantGroup section */

/* Begin XCBuildConfiguration section */
		22692AB924D1F1CA00DD3B7F /* Debug */ = {
			isa = XCBuildConfiguration;
			buildSettings = {
				ALWAYS_SEARCH_USER_PATHS = NO;
				CLANG_ANALYZER_NONNULL = YES;
				CLANG_ANALYZER_NUMBER_OBJECT_CONVERSION = YES_AGGRESSIVE;
				CLANG_CXX_LANGUAGE_STANDARD = "gnu++14";
				CLANG_CXX_LIBRARY = "libc++";
				CLANG_ENABLE_MODULES = YES;
				CLANG_ENABLE_OBJC_ARC = YES;
				CLANG_ENABLE_OBJC_WEAK = YES;
				CLANG_WARN_BLOCK_CAPTURE_AUTORELEASING = YES;
				CLANG_WARN_BOOL_CONVERSION = YES;
				CLANG_WARN_COMMA = YES;
				CLANG_WARN_CONSTANT_CONVERSION = YES;
				CLANG_WARN_DEPRECATED_OBJC_IMPLEMENTATIONS = YES;
				CLANG_WARN_DIRECT_OBJC_ISA_USAGE = YES_ERROR;
				CLANG_WARN_DOCUMENTATION_COMMENTS = YES;
				CLANG_WARN_EMPTY_BODY = YES;
				CLANG_WARN_ENUM_CONVERSION = YES;
				CLANG_WARN_INFINITE_RECURSION = YES;
				CLANG_WARN_INT_CONVERSION = YES;
				CLANG_WARN_NON_LITERAL_NULL_CONVERSION = YES;
				CLANG_WARN_OBJC_IMPLICIT_RETAIN_SELF = YES;
				CLANG_WARN_OBJC_LITERAL_CONVERSION = YES;
				CLANG_WARN_OBJC_ROOT_CLASS = YES_ERROR;
				CLANG_WARN_RANGE_LOOP_ANALYSIS = YES;
				CLANG_WARN_STRICT_PROTOTYPES = YES;
				CLANG_WARN_SUSPICIOUS_MOVE = YES;
				CLANG_WARN_UNGUARDED_AVAILABILITY = YES_AGGRESSIVE;
				CLANG_WARN_UNREACHABLE_CODE = YES;
				CLANG_WARN__DUPLICATE_METHOD_MATCH = YES;
				COPY_PHASE_STRIP = NO;
				DEBUG_INFORMATION_FORMAT = dwarf;
				ENABLE_STRICT_OBJC_MSGSEND = YES;
				ENABLE_TESTABILITY = YES;
				GCC_C_LANGUAGE_STANDARD = gnu11;
				GCC_DYNAMIC_NO_PIC = NO;
				GCC_NO_COMMON_BLOCKS = YES;
				GCC_OPTIMIZATION_LEVEL = 0;
				GCC_PREPROCESSOR_DEFINITIONS = (
					"DEBUG=1",
					"$(inherited)",
				);
				GCC_WARN_64_TO_32_BIT_CONVERSION = YES;
				GCC_WARN_ABOUT_RETURN_TYPE = YES_ERROR;
				GCC_WARN_UNDECLARED_SELECTOR = YES;
				GCC_WARN_UNINITIALIZED_AUTOS = YES_AGGRESSIVE;
				GCC_WARN_UNUSED_FUNCTION = YES;
				GCC_WARN_UNUSED_VARIABLE = YES;
				IPHONEOS_DEPLOYMENT_TARGET = 13.5;
				MTL_ENABLE_DEBUG_INFO = INCLUDE_SOURCE;
				MTL_FAST_MATH = YES;
				ONLY_ACTIVE_ARCH = YES;
				SDKROOT = iphoneos;
				SWIFT_ACTIVE_COMPILATION_CONDITIONS = DEBUG;
				SWIFT_OPTIMIZATION_LEVEL = "-Onone";
			};
			name = Debug;
		};
		22692ABA24D1F1CA00DD3B7F /* Release */ = {
			isa = XCBuildConfiguration;
			buildSettings = {
				ALWAYS_SEARCH_USER_PATHS = NO;
				CLANG_ANALYZER_NONNULL = YES;
				CLANG_ANALYZER_NUMBER_OBJECT_CONVERSION = YES_AGGRESSIVE;
				CLANG_CXX_LANGUAGE_STANDARD = "gnu++14";
				CLANG_CXX_LIBRARY = "libc++";
				CLANG_ENABLE_MODULES = YES;
				CLANG_ENABLE_OBJC_ARC = YES;
				CLANG_ENABLE_OBJC_WEAK = YES;
				CLANG_WARN_BLOCK_CAPTURE_AUTORELEASING = YES;
				CLANG_WARN_BOOL_CONVERSION = YES;
				CLANG_WARN_COMMA = YES;
				CLANG_WARN_CONSTANT_CONVERSION = YES;
				CLANG_WARN_DEPRECATED_OBJC_IMPLEMENTATIONS = YES;
				CLANG_WARN_DIRECT_OBJC_ISA_USAGE = YES_ERROR;
				CLANG_WARN_DOCUMENTATION_COMMENTS = YES;
				CLANG_WARN_EMPTY_BODY = YES;
				CLANG_WARN_ENUM_CONVERSION = YES;
				CLANG_WARN_INFINITE_RECURSION = YES;
				CLANG_WARN_INT_CONVERSION = YES;
				CLANG_WARN_NON_LITERAL_NULL_CONVERSION = YES;
				CLANG_WARN_OBJC_IMPLICIT_RETAIN_SELF = YES;
				CLANG_WARN_OBJC_LITERAL_CONVERSION = YES;
				CLANG_WARN_OBJC_ROOT_CLASS = YES_ERROR;
				CLANG_WARN_RANGE_LOOP_ANALYSIS = YES;
				CLANG_WARN_STRICT_PROTOTYPES = YES;
				CLANG_WARN_SUSPICIOUS_MOVE = YES;
				CLANG_WARN_UNGUARDED_AVAILABILITY = YES_AGGRESSIVE;
				CLANG_WARN_UNREACHABLE_CODE = YES;
				CLANG_WARN__DUPLICATE_METHOD_MATCH = YES;
				COPY_PHASE_STRIP = NO;
				DEBUG_INFORMATION_FORMAT = "dwarf-with-dsym";
				ENABLE_NS_ASSERTIONS = NO;
				ENABLE_STRICT_OBJC_MSGSEND = YES;
				GCC_C_LANGUAGE_STANDARD = gnu11;
				GCC_NO_COMMON_BLOCKS = YES;
				GCC_WARN_64_TO_32_BIT_CONVERSION = YES;
				GCC_WARN_ABOUT_RETURN_TYPE = YES_ERROR;
				GCC_WARN_UNDECLARED_SELECTOR = YES;
				GCC_WARN_UNINITIALIZED_AUTOS = YES_AGGRESSIVE;
				GCC_WARN_UNUSED_FUNCTION = YES;
				GCC_WARN_UNUSED_VARIABLE = YES;
				IPHONEOS_DEPLOYMENT_TARGET = 13.5;
				MTL_ENABLE_DEBUG_INFO = NO;
				MTL_FAST_MATH = YES;
				SDKROOT = iphoneos;
				SWIFT_COMPILATION_MODE = wholemodule;
				SWIFT_OPTIMIZATION_LEVEL = "-O";
				VALIDATE_PRODUCT = YES;
			};
			name = Release;
		};
		22692ABC24D1F1CA00DD3B7F /* Debug */ = {
			isa = XCBuildConfiguration;
			baseConfigurationReference = 8F6544739D905752AB6E5FEF /* Pods-BiletixTest.debug.xcconfig */;
			buildSettings = {
				ASSETCATALOG_COMPILER_APPICON_NAME = AppIcon;
				CODE_SIGN_STYLE = Automatic;
				DEVELOPMENT_TEAM = MCW2898TCV;
				INFOPLIST_FILE = BiletixTest/Info.plist;
				LD_RUNPATH_SEARCH_PATHS = (
					"$(inherited)",
					"@executable_path/Frameworks",
				);
				PRODUCT_BUNDLE_IDENTIFIER = PersonalTeam.BiletixTest;
				PRODUCT_NAME = "$(TARGET_NAME)";
				SWIFT_VERSION = 5.0;
				TARGETED_DEVICE_FAMILY = "1,2";
			};
			name = Debug;
		};
		22692ABD24D1F1CA00DD3B7F /* Release */ = {
			isa = XCBuildConfiguration;
			baseConfigurationReference = BF399E65791A4880CB6C081D /* Pods-BiletixTest.release.xcconfig */;
			buildSettings = {
				ASSETCATALOG_COMPILER_APPICON_NAME = AppIcon;
				CODE_SIGN_STYLE = Automatic;
				DEVELOPMENT_TEAM = MCW2898TCV;
				INFOPLIST_FILE = BiletixTest/Info.plist;
				LD_RUNPATH_SEARCH_PATHS = (
					"$(inherited)",
					"@executable_path/Frameworks",
				);
				PRODUCT_BUNDLE_IDENTIFIER = PersonalTeam.BiletixTest;
				PRODUCT_NAME = "$(TARGET_NAME)";
				SWIFT_VERSION = 5.0;
				TARGETED_DEVICE_FAMILY = "1,2";
			};
			name = Release;
		};
/* End XCBuildConfiguration section */

/* Begin XCConfigurationList section */
		22692AA224D1F1C800DD3B7F /* Build configuration list for PBXProject "BiletixTest" */ = {
			isa = XCConfigurationList;
			buildConfigurations = (
				22692AB924D1F1CA00DD3B7F /* Debug */,
				22692ABA24D1F1CA00DD3B7F /* Release */,
			);
			defaultConfigurationIsVisible = 0;
			defaultConfigurationName = Release;
		};
		22692ABB24D1F1CA00DD3B7F /* Build configuration list for PBXNativeTarget "BiletixTest" */ = {
			isa = XCConfigurationList;
			buildConfigurations = (
				22692ABC24D1F1CA00DD3B7F /* Debug */,
				22692ABD24D1F1CA00DD3B7F /* Release */,
			);
			defaultConfigurationIsVisible = 0;
			defaultConfigurationName = Release;
		};
/* End XCConfigurationList section */
	};
	rootObject = 22692A9F24D1F1C800DD3B7F /* Project object */;
}
